
Microsoft Visual Studio Solution File, Format Version 12.00
# Visual Studio Version 18
VisualStudioVersion = 18.6.11822.322 stable
MinimumVisualStudioVersion = 10.0.40219.1
Project("{FAE04EC0-301F-11D3-BF4B-00C04F79EFBC}") = "Smartphone-AppGame", "Smartphone-AppGame.csproj", "{D219CE4B-34BE-E1AC-3D03-5EE99853B52C}"
EndProject
Global
	GlobalSection(SolutionConfigurationPlatforms) = preSolution
		Debug|Any CPU = Debug|Any CPU
		Release|Any CPU = Release|Any CPU
	EndGlobalSection
	GlobalSection(ProjectConfigurationPlatforms) = postSolution
		{D219CE4B-34BE-E1AC-3D03-5EE99853B52C}.Debug|Any CPU.ActiveCfg = Debug|Any CPU
		{D219CE4B-34BE-E1AC-3D03-5EE99853B52C}.Debug|Any CPU.Build.0 = Debug|Any CPU
		{D219CE4B-34BE-E1AC-3D03-5EE99853B52C}.Release|Any CPU.ActiveCfg = Release|Any CPU
		{D219CE4B-34BE-E1AC-3D03-5EE99853B52C}.Release|Any CPU.Build.0 = Release|Any CPU
	EndGlobalSection
	GlobalSection(SolutionProperties) = preSolution
		HideSolutionNode = FALSE
	EndGlobalSection
	GlobalSection(ExtensibilityGlobals) = postSolution
		SolutionGuid = {24DCB03D-EB55-452A-8E30-FF957081FB82}
	EndGlobalSection
EndGlobal
